
Microsoft Visual Studio Solution File, Format Version 12.00
Project("{FAE04EC0-301F-11D3-BF4B-00C04F79EFBC}") = "MicroCqrs", "MicroCqrs\MicroCqrs.csproj", "{EDB61D28-AC42-4A3E-842F-EF9459FA2572}"
EndProject
Project("{FAE04EC0-301F-11D3-BF4B-00C04F79EFBC}") = "MicroCqrs.XUnitTests", "MicroCqrs.XUnitTests\MicroCqrs.XUnitTests.csproj", "{717AF93F-0BE5-4076-947D-BF39466E7E61}"
EndProject
Project("{FAE04EC0-301F-11D3-BF4B-00C04F79EFBC}") = "MicroCqrs.FluentValidation", "MicroCqrs.FluentValidation\MicroCqrs.FluentValidation.csproj", "{DF48BD8D-4138-4047-801F-01CF2752971E}"
EndProject
Global
	GlobalSection(SolutionConfigurationPlatforms) = preSolution
		Debug|Any CPU = Debug|Any CPU
		Release|Any CPU = Release|Any CPU
	EndGlobalSection
	GlobalSection(ProjectConfigurationPlatforms) = postSolution
		{EDB61D28-AC42-4A3E-842F-EF9459FA2572}.Debug|Any CPU.ActiveCfg = Debug|Any CPU
		{EDB61D28-AC42-4A3E-842F-EF9459FA2572}.Debug|Any CPU.Build.0 = Debug|Any CPU
		{EDB61D28-AC42-4A3E-842F-EF9459FA2572}.Release|Any CPU.ActiveCfg = Release|Any CPU
		{EDB61D28-AC42-4A3E-842F-EF9459FA2572}.Release|Any CPU.Build.0 = Release|Any CPU
		{717AF93F-0BE5-4076-947D-BF39466E7E61}.Debug|Any CPU.ActiveCfg = Debug|Any CPU
		{717AF93F-0BE5-4076-947D-BF39466E7E61}.Debug|Any CPU.Build.0 = Debug|Any CPU
		{717AF93F-0BE5-4076-947D-BF39466E7E61}.Release|Any CPU.ActiveCfg = Release|Any CPU
		{717AF93F-0BE5-4076-947D-BF39466E7E61}.Release|Any CPU.Build.0 = Release|Any CPU
		{DF48BD8D-4138-4047-801F-01CF2752971E}.Debug|Any CPU.ActiveCfg = Debug|Any CPU
		{DF48BD8D-4138-4047-801F-01CF2752971E}.Debug|Any CPU.Build.0 = Debug|Any CPU
		{DF48BD8D-4138-4047-801F-01CF2752971E}.Release|Any CPU.ActiveCfg = Release|Any CPU
		{DF48BD8D-4138-4047-801F-01CF2752971E}.Release|Any CPU.Build.0 = Release|Any CPU
	EndGlobalSection
EndGlobal
